# This file is automatically @generated by Poetry 1.8.3 and should not be changed by hand.

[[package]]
name = "css-html-js-minify"
version = "2.5.5"
description = "CSS HTML JS Minifier"
optional = false
python-versions = ">=3.6"
files = [
    {file = "css-html-js-minify-2.5.5.zip", hash = "sha256:4a9f11f7e0496f5284d12111f3ba4ff5ff2023d12f15d195c9c48bd97013746c"},
    {file = "css_html_js_minify-2.5.5-py2.py3-none-any.whl", hash = "sha256:3da9d35ac0db8ca648c1b543e0e801d7ca0bab9e6bfd8418fee59d5ae001727a"},
]

[metadata]
lock-version = "2.0"
python-versions = "^3.10"
content-hash = "874754007a8ac43efd72038eb5b3690a8c65e808bed846bd5c90e4d293f7015a"
